
Microsoft Visual Studio Solution File, Format Version 12.00
# Visual Studio 15
VisualStudioVersion = 15.0.27130.2036
MinimumVisualStudioVersion = 10.0.40219.1
Project("{FAE04EC0-301F-11D3-BF4B-00C04F79EFBC}") = "SportsStore.Domain", "SportsStore.Domain\SportsStore.Domain.csproj", "{294913D0-FDE0-4573-9909-74AC68CC29AD}"
EndProject
Project("{FAE04EC0-301F-11D3-BF4B-00C04F79EFBC}") = "SportsStore.WebUI", "SportsStore.WebUI\SportsStore.WebUI.csproj", "{F2B47A8F-71F1-443E-A6CD-A2B9471E18AD}"
EndProject
Project("{FAE04EC0-301F-11D3-BF4B-00C04F79EFBC}") = "SportsStore.UnitTests", "SportsStore.UnitTests\SportsStore.UnitTests.csproj", "{4C485A65-E66A-483D-AA7E-2A4B7B1A3C7B}"
EndProject
Global
	GlobalSection(SolutionConfigurationPlatforms) = preSolution
		Debug|Any CPU = Debug|Any CPU
		Release|Any CPU = Release|Any CPU
	EndGlobalSection
	GlobalSection(ProjectConfigurationPlatforms) = postSolution
		{294913D0-FDE0-4573-9909-74AC68CC29AD}.Debug|Any CPU.ActiveCfg = Debug|Any CPU
		{294913D0-FDE0-4573-9909-74AC68CC29AD}.Debug|Any CPU.Build.0 = Debug|Any CPU
		{294913D0-FDE0-4573-9909-74AC68CC29AD}.Release|Any CPU.ActiveCfg = Release|Any CPU
		{294913D0-FDE0-4573-9909-74AC68CC29AD}.Release|Any CPU.Build.0 = Release|Any CPU
		{F2B47A8F-71F1-443E-A6CD-A2B9471E18AD}.Debug|Any CPU.ActiveCfg = Debug|Any CPU
		{F2B47A8F-71F1-443E-A6CD-A2B9471E18AD}.Debug|Any CPU.Build.0 = Debug|Any CPU
		{F2B47A8F-71F1-443E-A6CD-A2B9471E18AD}.Release|Any CPU.ActiveCfg = Release|Any CPU
		{F2B47A8F-71F1-443E-A6CD-A2B9471E18AD}.Release|Any CPU.Build.0 = Release|Any CPU
		{4C485A65-E66A-483D-AA7E-2A4B7B1A3C7B}.Debug|Any CPU.ActiveCfg = Debug|Any CPU
		{4C485A65-E66A-483D-AA7E-2A4B7B1A3C7B}.Debug|Any CPU.Build.0 = Debug|Any CPU
		{4C485A65-E66A-483D-AA7E-2A4B7B1A3C7B}.Release|Any CPU.ActiveCfg = Release|Any CPU
		{4C485A65-E66A-483D-AA7E-2A4B7B1A3C7B}.Release|Any CPU.Build.0 = Release|Any CPU
	EndGlobalSection
	GlobalSection(SolutionProperties) = preSolution
		HideSolutionNode = FALSE
	EndGlobalSection
	GlobalSection(ExtensibilityGlobals) = postSolution
		SolutionGuid = {2010FA6B-B758-4590-A6E4-760DA3FB7535}
	EndGlobalSection
EndGlobal
